
Microsoft Visual Studio Solution File, Format Version 12.00
# Visual Studio Version 16
VisualStudioVersion = 16.0.30011.22
MinimumVisualStudioVersion = 10.0.40219.1
Project("{9A19103F-16F7-4668-BE54-9A1E7A4F7556}") = "AT_CSharp", "AT_CSharp\AT_CSharp.csproj", "{42F531F8-EE44-4C6E-88B9-FEE0E9367CD2}"
EndProject
Project("{FAE04EC0-301F-11D3-BF4B-00C04F79EFBC}") = "AniversarioDominio", "AniversarioDominio\AniversarioDominio.csproj", "{74C7CC13-D024-4AA2-822D-386409814459}"
EndProject
Global
	GlobalSection(SolutionConfigurationPlatforms) = preSolution
		Debug|Any CPU = Debug|Any CPU
		Release|Any CPU = Release|Any CPU
	EndGlobalSection
	GlobalSection(ProjectConfigurationPlatforms) = postSolution
		{42F531F8-EE44-4C6E-88B9-FEE0E9367CD2}.Debug|Any CPU.ActiveCfg = Debug|Any CPU
		{42F531F8-EE44-4C6E-88B9-FEE0E9367CD2}.Debug|Any CPU.Build.0 = Debug|Any CPU
		{42F531F8-EE44-4C6E-88B9-FEE0E9367CD2}.Release|Any CPU.ActiveCfg = Release|Any CPU
		{42F531F8-EE44-4C6E-88B9-FEE0E9367CD2}.Release|Any CPU.Build.0 = Release|Any CPU
		{74C7CC13-D024-4AA2-822D-386409814459}.Debug|Any CPU.ActiveCfg = Debug|Any CPU
		{74C7CC13-D024-4AA2-822D-386409814459}.Debug|Any CPU.Build.0 = Debug|Any CPU
		{74C7CC13-D024-4AA2-822D-386409814459}.Release|Any CPU.ActiveCfg = Release|Any CPU
		{74C7CC13-D024-4AA2-822D-386409814459}.Release|Any CPU.Build.0 = Release|Any CPU
	EndGlobalSection
	GlobalSection(SolutionProperties) = preSolution
		HideSolutionNode = FALSE
	EndGlobalSection
	GlobalSection(ExtensibilityGlobals) = postSolution
		SolutionGuid = {F4C017EF-59A9-4708-9A1C-6FC58080310E}
	EndGlobalSection
EndGlobal
